
Microsoft Visual Studio Solution File, Format Version 12.00
# Visual Studio 2013
VisualStudioVersion = 12.0.31101.0
MinimumVisualStudioVersion = 10.0.40219.1
Project("{FAE04EC0-301F-11D3-BF4B-00C04F79EFBC}") = "Detox", "Detox\Detox.csproj", "{566A7323-2F71-4640-BD44-FBB26DC45CE3}"
EndProject
Project("{FAE04EC0-301F-11D3-BF4B-00C04F79EFBC}") = "DetoxAPI", "DetoxAPI\DetoxAPI.csproj", "{B5E26A54-EF38-401B-B95E-1EB54D483424}"
EndProject
Project("{FAE04EC0-301F-11D3-BF4B-00C04F79EFBC}") = "Controls", "NeoforceControls\Controls\Controls.csproj", "{9C8328B3-97FC-4F39-A1BC-6DC4A1730C26}"
EndProject
Project("{FAE04EC0-301F-11D3-BF4B-00C04F79EFBC}") = "DetoxConfig", "DetoxConfig\DetoxConfig.csproj", "{42F1F733-9547-4BA4-B989-1A2DF9F84030}"
EndProject
Global
	GlobalSection(SolutionConfigurationPlatforms) = preSolution
		Debug|Any CPU = Debug|Any CPU
		Debug|Mixed Platforms = Debug|Mixed Platforms
		Debug|x86 = Debug|x86
		Debug|Xbox 360 = Debug|Xbox 360
		Debug|Zune = Debug|Zune
		Release|Any CPU = Release|Any CPU
		Release|Mixed Platforms = Release|Mixed Platforms
		Release|x86 = Release|x86
		Release|Xbox 360 = Release|Xbox 360
		Release|Zune = Release|Zune
	EndGlobalSection
	GlobalSection(ProjectConfigurationPlatforms) = postSolution
		{566A7323-2F71-4640-BD44-FBB26DC45CE3}.Debug|Any CPU.ActiveCfg = Debug|x86
		{566A7323-2F71-4640-BD44-FBB26DC45CE3}.Debug|Mixed Platforms.ActiveCfg = Debug|x86
		{566A7323-2F71-4640-BD44-FBB26DC45CE3}.Debug|Mixed Platforms.Build.0 = Debug|x86
		{566A7323-2F71-4640-BD44-FBB26DC45CE3}.Debug|x86.ActiveCfg = Debug|x86
		{566A7323-2F71-4640-BD44-FBB26DC45CE3}.Debug|x86.Build.0 = Debug|x86
		{566A7323-2F71-4640-BD44-FBB26DC45CE3}.Debug|Xbox 360.ActiveCfg = Debug|x86
		{566A7323-2F71-4640-BD44-FBB26DC45CE3}.Debug|Zune.ActiveCfg = Debug|x86
		{566A7323-2F71-4640-BD44-FBB26DC45CE3}.Release|Any CPU.ActiveCfg = Release|x86
		{566A7323-2F71-4640-BD44-FBB26DC45CE3}.Release|Mixed Platforms.ActiveCfg = Release|x86
		{566A7323-2F71-4640-BD44-FBB26DC45CE3}.Release|Mixed Platforms.Build.0 = Release|x86
		{566A7323-2F71-4640-BD44-FBB26DC45CE3}.Release|x86.ActiveCfg = Release|x86
		{566A7323-2F71-4640-BD44-FBB26DC45CE3}.Release|x86.Build.0 = Release|x86
		{566A7323-2F71-4640-BD44-FBB26DC45CE3}.Release|Xbox 360.ActiveCfg = Release|x86
		{566A7323-2F71-4640-BD44-FBB26DC45CE3}.Release|Zune.ActiveCfg = Release|x86
		{B5E26A54-EF38-401B-B95E-1EB54D483424}.Debug|Any CPU.ActiveCfg = Debug|x86
		{B5E26A54-EF38-401B-B95E-1EB54D483424}.Debug|Mixed Platforms.ActiveCfg = Debug|x86
		{B5E26A54-EF38-401B-B95E-1EB54D483424}.Debug|Mixed Platforms.Build.0 = Debug|x86
		{B5E26A54-EF38-401B-B95E-1EB54D483424}.Debug|x86.ActiveCfg = Debug|x86
		{B5E26A54-EF38-401B-B95E-1EB54D483424}.Debug|x86.Build.0 = Debug|x86
		{B5E26A54-EF38-401B-B95E-1EB54D483424}.Debug|Xbox 360.ActiveCfg = Debug|x86
		{B5E26A54-EF38-401B-B95E-1EB54D483424}.Debug|Zune.ActiveCfg = Debug|x86
		{B5E26A54-EF38-401B-B95E-1EB54D483424}.Release|Any CPU.ActiveCfg = Release|x86
		{B5E26A54-EF38-401B-B95E-1EB54D483424}.Release|Mixed Platforms.ActiveCfg = Release|x86
		{B5E26A54-EF38-401B-B95E-1EB54D483424}.Release|Mixed Platforms.Build.0 = Release|x86
		{B5E26A54-EF38-401B-B95E-1EB54D483424}.Release|x86.ActiveCfg = Release|x86
		{B5E26A54-EF38-401B-B95E-1EB54D483424}.Release|x86.Build.0 = Release|x86
		{B5E26A54-EF38-401B-B95E-1EB54D483424}.Release|Xbox 360.ActiveCfg = Release|x86
		{B5E26A54-EF38-401B-B95E-1EB54D483424}.Release|Zune.ActiveCfg = Release|x86
		{9C8328B3-97FC-4F39-A1BC-6DC4A1730C26}.Debug|Any CPU.ActiveCfg = Debug|x86
		{9C8328B3-97FC-4F39-A1BC-6DC4A1730C26}.Debug|Mixed Platforms.ActiveCfg = Debug|x86
		{9C8328B3-97FC-4F39-A1BC-6DC4A1730C26}.Debug|Mixed Platforms.Build.0 = Debug|x86
		{9C8328B3-97FC-4F39-A1BC-6DC4A1730C26}.Debug|x86.ActiveCfg = Debug|x86
		{9C8328B3-97FC-4F39-A1BC-6DC4A1730C26}.Debug|x86.Build.0 = Debug|x86
		{9C8328B3-97FC-4F39-A1BC-6DC4A1730C26}.Debug|Xbox 360.ActiveCfg = Debug|x86
		{9C8328B3-97FC-4F39-A1BC-6DC4A1730C26}.Debug|Zune.ActiveCfg = Debug|x86
		{9C8328B3-97FC-4F39-A1BC-6DC4A1730C26}.Release|Any CPU.ActiveCfg = Release|x86
		{9C8328B3-97FC-4F39-A1BC-6DC4A1730C26}.Release|Mixed Platforms.ActiveCfg = Release|x86
		{9C8328B3-97FC-4F39-A1BC-6DC4A1730C26}.Release|Mixed Platforms.Build.0 = Release|x86
		{9C8328B3-97FC-4F39-A1BC-6DC4A1730C26}.Release|x86.ActiveCfg = Release|x86
		{9C8328B3-97FC-4F39-A1BC-6DC4A1730C26}.Release|x86.Build.0 = Release|x86
		{9C8328B3-97FC-4F39-A1BC-6DC4A1730C26}.Release|Xbox 360.ActiveCfg = Release|x86
		{9C8328B3-97FC-4F39-A1BC-6DC4A1730C26}.Release|Zune.ActiveCfg = Release|x86
		{42F1F733-9547-4BA4-B989-1A2DF9F84030}.Debug|Any CPU.ActiveCfg = Debug|Any CPU
		{42F1F733-9547-4BA4-B989-1A2DF9F84030}.Debug|Any CPU.Build.0 = Debug|Any CPU
		{42F1F733-9547-4BA4-B989-1A2DF9F84030}.Debug|Mixed Platforms.ActiveCfg = Debug|Any CPU
		{42F1F733-9547-4BA4-B989-1A2DF9F84030}.Debug|Mixed Platforms.Build.0 = Debug|Any CPU
		{42F1F733-9547-4BA4-B989-1A2DF9F84030}.Debug|x86.ActiveCfg = Debug|Any CPU
		{42F1F733-9547-4BA4-B989-1A2DF9F84030}.Debug|Xbox 360.ActiveCfg = Debug|Any CPU
		{42F1F733-9547-4BA4-B989-1A2DF9F84030}.Debug|Zune.ActiveCfg = Debug|Any CPU
		{42F1F733-9547-4BA4-B989-1A2DF9F84030}.Release|Any CPU.ActiveCfg = Release|Any CPU
		{42F1F733-9547-4BA4-B989-1A2DF9F84030}.Release|Any CPU.Build.0 = Release|Any CPU
		{42F1F733-9547-4BA4-B989-1A2DF9F84030}.Release|Mixed Platforms.ActiveCfg = Release|Any CPU
		{42F1F733-9547-4BA4-B989-1A2DF9F84030}.Release|Mixed Platforms.Build.0 = Release|Any CPU
		{42F1F733-9547-4BA4-B989-1A2DF9F84030}.Release|x86.ActiveCfg = Release|Any CPU
		{42F1F733-9547-4BA4-B989-1A2DF9F84030}.Release|Xbox 360.ActiveCfg = Release|Any CPU
		{42F1F733-9547-4BA4-B989-1A2DF9F84030}.Release|Zune.ActiveCfg = Release|Any CPU
	EndGlobalSection
	GlobalSection(SolutionProperties) = preSolution
		HideSolutionNode = FALSE
	EndGlobalSection
EndGlobal
